
Microsoft Visual Studio Solution File, Format Version 12.00
# Visual Studio Version 17
VisualStudioVersion = 17.7.34009.444
MinimumVisualStudioVersion = 10.0.40219.1
Project("{FAE04EC0-301F-11D3-BF4B-00C04F79EFBC}") = "PaintMe.API", "PaintMe.API\PaintMe.API.csproj", "{487565C1-DB71-4B77-9A82-79851D01DF5D}"
EndProject
Project("{FAE04EC0-301F-11D3-BF4B-00C04F79EFBC}") = "PaintMe.Core", "PaintMe.Core\PaintMe.Core.csproj", "{94277BEE-5FC8-426F-822C-4ECDE70DA297}"
EndProject
Project("{FAE04EC0-301F-11D3-BF4B-00C04F79EFBC}") = "PaintMe.Data", "PaintMe.Data\PaintMe.Data.csproj", "{D9C6B497-6E0F-4471-944E-969B4EE8FFD9}"
EndProject
Project("{FAE04EC0-301F-11D3-BF4B-00C04F79EFBC}") = "PaintMe.Service", "PaintMe.Service\PaintMe.Service.csproj", "{B158358E-CDBA-4E78-AB13-98B8E0A02015}"
EndProject
Global
	GlobalSection(SolutionConfigurationPlatforms) = preSolution
		Debug|Any CPU = Debug|Any CPU
		Release|Any CPU = Release|Any CPU
	EndGlobalSection
	GlobalSection(ProjectConfigurationPlatforms) = postSolution
		{487565C1-DB71-4B77-9A82-79851D01DF5D}.Debug|Any CPU.ActiveCfg = Debug|Any CPU
		{487565C1-DB71-4B77-9A82-79851D01DF5D}.Debug|Any CPU.Build.0 = Debug|Any CPU
		{487565C1-DB71-4B77-9A82-79851D01DF5D}.Release|Any CPU.ActiveCfg = Release|Any CPU
		{487565C1-DB71-4B77-9A82-79851D01DF5D}.Release|Any CPU.Build.0 = Release|Any CPU
		{94277BEE-5FC8-426F-822C-4ECDE70DA297}.Debug|Any CPU.ActiveCfg = Debug|Any CPU
		{94277BEE-5FC8-426F-822C-4ECDE70DA297}.Debug|Any CPU.Build.0 = Debug|Any CPU
		{94277BEE-5FC8-426F-822C-4ECDE70DA297}.Release|Any CPU.ActiveCfg = Release|Any CPU
		{94277BEE-5FC8-426F-822C-4ECDE70DA297}.Release|Any CPU.Build.0 = Release|Any CPU
		{D9C6B497-6E0F-4471-944E-969B4EE8FFD9}.Debug|Any CPU.ActiveCfg = Debug|Any CPU
		{D9C6B497-6E0F-4471-944E-969B4EE8FFD9}.Debug|Any CPU.Build.0 = Debug|Any CPU
		{D9C6B497-6E0F-4471-944E-969B4EE8FFD9}.Release|Any CPU.ActiveCfg = Release|Any CPU
		{D9C6B497-6E0F-4471-944E-969B4EE8FFD9}.Release|Any CPU.Build.0 = Release|Any CPU
		{B158358E-CDBA-4E78-AB13-98B8E0A02015}.Debug|Any CPU.ActiveCfg = Debug|Any CPU
		{B158358E-CDBA-4E78-AB13-98B8E0A02015}.Debug|Any CPU.Build.0 = Debug|Any CPU
		{B158358E-CDBA-4E78-AB13-98B8E0A02015}.Release|Any CPU.ActiveCfg = Release|Any CPU
		{B158358E-CDBA-4E78-AB13-98B8E0A02015}.Release|Any CPU.Build.0 = Release|Any CPU
	EndGlobalSection
	GlobalSection(SolutionProperties) = preSolution
		HideSolutionNode = FALSE
	EndGlobalSection
	GlobalSection(ExtensibilityGlobals) = postSolution
		SolutionGuid = {A74B8B0C-5B3B-440B-AF47-B6355317A6FC}
	EndGlobalSection
EndGlobal
